
Microsoft Visual Studio Solution File, Format Version 12.00
# Visual Studio Version 16
VisualStudioVersion = 16.0.30523.141
MinimumVisualStudioVersion = 10.0.40219.1
Project("{FAE04EC0-301F-11D3-BF4B-00C04F79EFBC}") = "Webszolgaltatas", "Webszolgaltatas\Webszolgaltatas.csproj", "{2E6A0824-EFA6-4049-95ED-89B51AAC305F}"
EndProject
Global
	GlobalSection(SolutionConfigurationPlatforms) = preSolution
		Debug|Any CPU = Debug|Any CPU
		Release|Any CPU = Release|Any CPU
	EndGlobalSection
	GlobalSection(ProjectConfigurationPlatforms) = postSolution
		{2E6A0824-EFA6-4049-95ED-89B51AAC305F}.Debug|Any CPU.ActiveCfg = Debug|Any CPU
		{2E6A0824-EFA6-4049-95ED-89B51AAC305F}.Debug|Any CPU.Build.0 = Debug|Any CPU
		{2E6A0824-EFA6-4049-95ED-89B51AAC305F}.Release|Any CPU.ActiveCfg = Release|Any CPU
		{2E6A0824-EFA6-4049-95ED-89B51AAC305F}.Release|Any CPU.Build.0 = Release|Any CPU
	EndGlobalSection
	GlobalSection(SolutionProperties) = preSolution
		HideSolutionNode = FALSE
	EndGlobalSection
	GlobalSection(ExtensibilityGlobals) = postSolution
		SolutionGuid = {EFE9645F-320B-488D-8C0B-C4597B47B530}
	EndGlobalSection
EndGlobal
